
Microsoft Visual Studio Solution File, Format Version 12.00
# Visual Studio Version 17
VisualStudioVersion = 17.5.33424.131
MinimumVisualStudioVersion = 10.0.40219.1
Project("{9A19103F-16F7-4668-BE54-9A1E7A4F7556}") = "KTANE Helper", "KTANE Helper\KTANE Helper.csproj", "{A699D37F-1CE8-4C12-8FAF-9F0F24FAFEDC}"
EndProject
Global
	GlobalSection(SolutionConfigurationPlatforms) = preSolution
		Debug|Any CPU = Debug|Any CPU
		Release|Any CPU = Release|Any CPU
	EndGlobalSection
	GlobalSection(ProjectConfigurationPlatforms) = postSolution
		{A699D37F-1CE8-4C12-8FAF-9F0F24FAFEDC}.Debug|Any CPU.ActiveCfg = Debug|Any CPU
		{A699D37F-1CE8-4C12-8FAF-9F0F24FAFEDC}.Debug|Any CPU.Build.0 = Debug|Any CPU
		{A699D37F-1CE8-4C12-8FAF-9F0F24FAFEDC}.Release|Any CPU.ActiveCfg = Release|Any CPU
		{A699D37F-1CE8-4C12-8FAF-9F0F24FAFEDC}.Release|Any CPU.Build.0 = Release|Any CPU
	EndGlobalSection
	GlobalSection(SolutionProperties) = preSolution
		HideSolutionNode = FALSE
	EndGlobalSection
	GlobalSection(ExtensibilityGlobals) = postSolution
		SolutionGuid = {C9D7BF83-7B84-4C4D-A179-FFE5259D9234}
	EndGlobalSection
EndGlobal
